[[broker]]
name = "dhanhq"
version = "2.2.0"
sha256 = "0469dc83317dbeeec4990fa249a583157373a91bde1c4738e5ab91313a952f6b"
licence = "MIT"
licence_source = "dhanhq-2.2.0.dist-info/LICENSE"
homepage = "https://github.com/dhan-oss/dhanhq-py"
sandbox_tested = "2026-05-23"
approved_by = "navaneeshnagarajan"
notes = "wave 1 baseline. Repo-managed through flinttrade-gateway's dhanhq==2.2.0 dependency and requirements.lock; runtime attestation gates on the installed distribution version."

[[broker]]
name = "upstox-python-sdk"
version = "2.30.0"
sha256 = "e9cd7aeec3c3dc006a4cb9e4e222bb7caa18ab40363e8ed9f1cd843c37bb7e7b"
licence = "MIT"
licence_source = "upstream LICENSE.txt (MIT, Copyright 2023 Upstox); sha256 is the requirements.lock sdist hash"
homepage = "https://github.com/upstox/upstox-python"
# Historical adapter activation evidence; no new sandbox/live run is claimed
# for SDK 2.30.0. Its compatibility is checked locally with mocked adapters.
sandbox_tested = "2026-07-03"
approved_by = "navaneeshnagarajan"
notes = "wave 2 activated. Repo-managed through flinttrade-gateway's upstox-python-sdk==2.30.0 dependency and requirements.lock. Runtime attestation gates on the installed distribution version. sandbox_tested and approved_by record the historical adapter baseline, not a fresh 2.30.0 broker-session or funded-order verification."

[[broker]]
name = "kotakneoapi"
version = "3.0.7"
sha256 = "71b661634a88e83859f86a38822ebae69f529d3fbf1246f1a53505092da41d2f"
source_commit = "5bb34fae39c4a52a0e6b59d7e2d17090cafc340c"
source_tree = "bb8f8ab64b39ef7a650f1547f5def044cceadd61"
release_tag = "v3.0.7"
release_commit = "53cccc45fe56a193b30ffce3c03c71c5c0378538"
release_tree = "c45da6af1223cdeb211ea680ff3582edcbbbc6c9"
release_wheel_sha256 = "71b661634a88e83859f86a38822ebae69f529d3fbf1246f1a53505092da41d2f"
release_sdist_sha256 = "4c47aa09bc8c6f348f9280f95c9205609206b69fa7e91f0569d7c1e6302bc80b"
licence_sha256 = "1baead7c445324d04c894f4499c790d8d6e93ad2b821192034ec11fb3c3d737a"
licence = "MIT"
licence_source = "kotakneoapi-3.0.7.dist-info/licenses/LICENSE"
homepage = "https://github.com/Kotak-Neo/kotak-neo-python"
sandbox_tested = "2026-09-20"
approved_by = "navaneeshnagarajan"
notes = "wave 3 Neo v3. Runtime is the immutable official main Git commit; v3.0.7 tag and PyPI artifact hashes are separate release-compatibility evidence. Import remains neo_api_client. Runtime attestation requires exact Git provenance and exclusive namespace ownership. Neo has no sandbox."

[[broker]]
name = "growwapi"
version = "1.5.0"
sha256 = "b4871ed19415b6ad7434bee2178f53aa1e180fbddd4a25693c458440f66939cc"
licence = "MIT"
licence_source = "growwapi-1.5.0.dist-info/METADATA"
homepage = "https://groww.in/trade-api/docs/python-sdk"
sandbox_tested = "2026-07-05"
approved_by = "navaneeshnagarajan"
notes = "Groww official Python SDK installed in the repo uv environment for attestation/reference parity. FlintTrade's production adapter still uses its tested REST transport because growwapi duplicates the REST surface and prints client startup text; future streaming work may wrap GrowwFeed deliberately."

# IndMoney (INDstocks) is a REST-only native with NO installable third-party SDK
# pin as of 2026-07-05. INDstocks' FAQ advertises `pip install indstocks-sdk`
# and `npm install indstocks-sdk`, but both PyPI and npm currently return no
# matching package; keep the adapter REST-native until a real distribution exists
# and can be pinned with licence/provenance metadata. SDK attestation is therefore
# not required, but catalogue blockers, authoritative emergency planning, and
# vault credentials still gate activation (see SDK_PIN_BY_BROKER's None pin in
# flinttrade_gateway.brokers.native_factory).
