[[broker]]
name = "dhanhq"
version = "2.2.0"
sha256 = "0469dc83317dbeeec4990fa249a583157373a91bde1c4738e5ab91313a952f6b"
licence = "MIT"
licence_source = "dhanhq-2.2.0.dist-info/LICENSE"
homepage = "https://github.com/dhan-oss/dhanhq-py"
sandbox_tested = "2026-05-23"
approved_by = "navaneeshnagarajan"
notes = "wave 1 baseline; placeholder hash is refused until requirements.lock is generated with broker SDK pins."

[[broker]]
name = "upstox-python-sdk"
version = "2.27.0"
sha256 = "d33ad0f04c9c7aa7c13d5b0046aa83d01fd4ed44fd0389346e2509ec429bf2e9"
licence = "MIT"
licence_source = "upstox-python LICENSE.txt (PyPI metadata agrees; sdist upstox_python_sdk-2.27.0.tar.gz)"
homepage = "https://github.com/upstox/upstox-python"
sandbox_tested = ""
approved_by = ""
notes = "wave 2 pin (PyPI sdist, released 2026-05-13). Activation still requires: pip install upstox-python-sdk==2.27.0, vault credentials, then live sandbox verification before approval."

[[broker]]
name = "neo-api-client"
version = "2.0.0"
sha256 = "9be484f08b11f02dd0481a3f02784debb07b9ca474638c82c92dd7fbf7b0b5f2"
licence = "UNLICENSED"
licence_source = "no licence file in the upstream repo at the pinned commit (verified 2026-06-12); contact Kotak before redistribution"
homepage = "https://github.com/Kotak-Neo/Kotak-neo-api-v2"
sandbox_tested = ""
approved_by = ""
notes = "wave 3 pin. No PyPI release — install from git: pip install git+https://github.com/Kotak-Neo/Kotak-neo-api-v2@8cee5bda63bd9334f8501bb23b7f1d2945f93397 (setup.py reports 2.0.0; sha256 is of the GitHub archive tarball for that commit). Activation then needs vault credentials + live sandbox verification before approval."

# IndMoney (INDstocks) is a REST-only native with NO third-party SDK — there is
# deliberately no [[broker]] pin for it. Its activation is gated by vault
# credentials alone (see SDK_PIN_BY_BROKER's None pin in
# flinttrade_gateway.brokers.native_factory).
