[[broker]]
name = "dhanhq"
version = "2.2.0"
sha256 = "0469dc83317dbeeec4990fa249a583157373a91bde1c4738e5ab91313a952f6b"
licence = "MIT"
licence_source = "dhanhq-2.2.0.dist-info/LICENSE"
homepage = "https://github.com/dhan-oss/dhanhq-py"
sandbox_tested = "2026-05-23"
approved_by = "navaneeshnagarajan"
notes = "wave 1 baseline. Repo-managed through flinttrade-gateway's dhanhq==2.2.0 dependency and requirements.lock; runtime attestation gates on the installed distribution version."

[[broker]]
name = "upstox-python-sdk"
version = "2.29.0"
sha256 = "14e614d9ebc8ecf27a310f31625d80ca2c6516069690418001505c6429b3185c"
licence = "MIT"
licence_source = "upstream LICENSE.txt (MIT, Copyright 2023 Upstox); sha256 is the requirements.lock sdist hash"
homepage = "https://github.com/upstox/upstox-python"
sandbox_tested = "2026-07-03"
approved_by = "navaneeshnagarajan"
notes = "wave 2 activated. Repo-managed through flinttrade-gateway's upstox-python-sdk==2.29.0 dependency and requirements.lock. Runtime attestation gates on the installed distribution version."

[[broker]]
name = "neo-api-client"
version = "2.0.0"
sha256 = "b953ffa7526f1f812c0e59f766d10023c64a76f72df8b6f5cbe2b37b2fa81e91"
source_commit = "8cee5bda63bd9334f8501bb23b7f1d2945f93397"
licence = "LicenseRef-operator-cleared-broker-sdk"
licence_source = "no upstream LICENSE file; operator-cleared for personal-use per supply-chain/licence-allowlist.yml (broker SDK published for a broker's own customers). sha256 is of the installed dist-info RECORD"
homepage = "https://github.com/Kotak-Neo/Kotak-neo-api-v2"
sandbox_tested = "2026-07-03"
approved_by = "navaneeshnagarajan"
notes = "wave 3 activated (operator-cleared). Repo-managed through uv.lock as a git source at source_commit because the SDK is not on PyPI. The root dependency-metadata override suppresses the SDK's stale exact dependency pins; runtime attestation gates on the installed distribution version."

[[broker]]
name = "growwapi"
version = "1.5.0"
sha256 = "b4871ed19415b6ad7434bee2178f53aa1e180fbddd4a25693c458440f66939cc"
licence = "MIT"
licence_source = "growwapi-1.5.0.dist-info/METADATA"
homepage = "https://groww.in/trade-api/docs/python-sdk"
sandbox_tested = "2026-07-05"
approved_by = "navaneeshnagarajan"
notes = "Groww official Python SDK installed in the repo uv environment for attestation/reference parity. FlintTrade's production adapter still uses its tested REST transport because growwapi duplicates the REST surface and prints client startup text; future streaming work may wrap GrowwFeed deliberately."

# IndMoney (INDstocks) is a REST-only native with NO installable third-party SDK
# pin as of 2026-07-05. INDstocks' FAQ advertises `pip install indstocks-sdk`
# and `npm install indstocks-sdk`, but both PyPI and npm currently return no
# matching package; keep the adapter REST-native until a real distribution exists
# and can be pinned with licence/provenance metadata. SDK attestation is therefore
# not required, but catalogue blockers, authoritative emergency planning, and
# vault credentials still gate activation (see SDK_PIN_BY_BROKER's None pin in
# flinttrade_gateway.brokers.native_factory).
